# THIS IS AN AUTOGENERATED FILE. DO NOT EDIT THIS FILE DIRECTLY.
# yarn lockfile v1


asap@~2.0.3:
  version "2.0.6"
  resolved "https://registry.yarnpkg.com/asap/-/asap-2.0.6.tgz#e50347611d7e690943208bbdafebcbc2fb866d46"

balanced-match@^1.0.0:
  version "1.0.0"
  resolved "https://registry.yarnpkg.com/balanced-match/-/balanced-match-1.0.0.tgz#89b4d199ab2bee49de164ea02b89ce462d71b767"

base64-js@^1.0.2:
  version "1.3.0"
  resolved "https://registry.yarnpkg.com/base64-js/-/base64-js-1.3.0.tgz#cab1e6118f051095e58b5281aea8c1cd22bfc0e3"

brace-expansion@^1.1.7:
  version "1.1.11"
  resolved "https://registry.yarnpkg.com/brace-expansion/-/brace-expansion-1.1.11.tgz#3c7fcbf529d87226f3d2f52b966ff5271eb441dd"
  dependencies:
    balanced-match "^1.0.0"
    concat-map "0.0.1"

buffer@^5.0.3:
  version "5.1.0"
  resolved "https://registry.yarnpkg.com/buffer/-/buffer-5.1.0.tgz#c913e43678c7cb7c8bd16afbcddb6c5505e8f9fe"
  dependencies:
    base64-js "^1.0.2"
    ieee754 "^1.1.4"

colors@^1.1.2:
  version "1.2.1"
  resolved "https://registry.yarnpkg.com/colors/-/colors-1.2.1.tgz#f4a3d302976aaf042356ba1ade3b1a2c62d9d794"

concat-map@0.0.1:
  version "0.0.1"
  resolved "https://registry.yarnpkg.com/concat-map/-/concat-map-0.0.1.tgz#d8a96bd77fd68df7793a73036a3ba0d5405d477b"

core-js@^1.0.0:
  version "1.2.7"
  resolved "https://registry.yarnpkg.com/core-js/-/core-js-1.2.7.tgz#652294c14651db28fa93bd2d5ff2983a4f08c636"

css-color-keywords@^1.0.0:
  version "1.0.0"
  resolved "https://registry.yarnpkg.com/css-color-keywords/-/css-color-keywords-1.0.0.tgz#fea2616dc676b2962686b3af8dbdbe180b244e05"

css-to-react-native@^2.0.3:
  version "2.2.0"
  resolved "https://registry.yarnpkg.com/css-to-react-native/-/css-to-react-native-2.2.0.tgz#d524ef7f39a2747a8914e86563669ba35b7cf2e7"
  dependencies:
    css-color-keywords "^1.0.0"
    fbjs "^0.8.5"
    postcss-value-parser "^3.3.0"

encoding@^0.1.11, encoding@^0.1.12:
  version "0.1.12"
  resolved "https://registry.yarnpkg.com/encoding/-/encoding-0.1.12.tgz#538b66f3ee62cd1ab51ec323829d1f9480c74beb"
  dependencies:
    iconv-lite "~0.4.13"

escape-quotes@^1.0.2:
  version "1.0.2"
  resolved "https://registry.yarnpkg.com/escape-quotes/-/escape-quotes-1.0.2.tgz#b4896d4a6cf82dd5b33f49b713408c6380f6cd97"
  dependencies:
    escape-string-regexp "^1.0.5"

escape-string-regexp@^1.0.5:
  version "1.0.5"
  resolved "https://registry.yarnpkg.com/escape-string-regexp/-/escape-string-regexp-1.0.5.tgz#1b61c0562190a8dff6ae3bb2cf0200ca130b86d4"

fbjs@^0.8.1, fbjs@^0.8.16, fbjs@^0.8.4, fbjs@^0.8.5, fbjs@^0.8.9:
  version "0.8.16"
  resolved "https://registry.yarnpkg.com/fbjs/-/fbjs-0.8.16.tgz#5e67432f550dc41b572bf55847b8aca64e5337db"
  dependencies:
    core-js "^1.0.0"
    isomorphic-fetch "^2.1.1"
    loose-envify "^1.0.0"
    object-assign "^4.1.0"
    promise "^7.1.1"
    setimmediate "^1.0.5"
    ua-parser-js "^0.7.9"

fs.realpath@^1.0.0:
  version "1.0.0"
  resolved "https://registry.yarnpkg.com/fs.realpath/-/fs.realpath-1.0.0.tgz#1504ad2523158caa40db4a2787cb01411994ea4f"

gettext-parser@^1.1.2:
  version "1.3.1"
  resolved "https://registry.yarnpkg.com/gettext-parser/-/gettext-parser-1.3.1.tgz#74b7a99e4b5fa8daab11fa515e8a582480448a12"
  dependencies:
    encoding "^0.1.12"
    safe-buffer "^5.1.1"

glob@^7.0.5:
  version "7.1.2"
  resolved "https://registry.yarnpkg.com/glob/-/glob-7.1.2.tgz#c19c9df9a028702d678612384a6552404c636d15"
  dependencies:
    fs.realpath "^1.0.0"
    inflight "^1.0.4"
    inherits "2"
    minimatch "^3.0.4"
    once "^1.3.0"
    path-is-absolute "^1.0.0"

has-flag@^1.0.0:
  version "1.0.0"
  resolved "https://registry.yarnpkg.com/has-flag/-/has-flag-1.0.0.tgz#9d9e793165ce017a00f00418c43f942a7b1d11fa"

hoist-non-react-statics@^1.2.0:
  version "1.2.0"
  resolved "https://registry.yarnpkg.com/hoist-non-react-statics/-/hoist-non-react-statics-1.2.0.tgz#aa448cf0986d55cc40773b17174b7dd066cb7cfb"

hoist-non-react-statics@^2.2.0, hoist-non-react-statics@^2.5.0:
  version "2.5.0"
  resolved "https://registry.yarnpkg.com/hoist-non-react-statics/-/hoist-non-react-statics-2.5.0.tgz#d2ca2dfc19c5a91c5a6615ce8e564ef0347e2a40"

iconv-lite@~0.4.13:
  version "0.4.19"
  resolved "https://registry.yarnpkg.com/iconv-lite/-/iconv-lite-0.4.19.tgz#f7468f60135f5e5dad3399c0a81be9a1603a082b"

ieee754@^1.1.4:
  version "1.1.11"
  resolved "https://registry.yarnpkg.com/ieee754/-/ieee754-1.1.11.tgz#c16384ffe00f5b7835824e67b6f2bd44a5229455"

inflight@^1.0.4:
  version "1.0.6"
  resolved "https://registry.yarnpkg.com/inflight/-/inflight-1.0.6.tgz#49bd6331d7d02d0c09bc910a1075ba8165b56df9"
  dependencies:
    once "^1.3.0"
    wrappy "1"

inherits@2:
  version "2.0.3"
  resolved "https://registry.yarnpkg.com/inherits/-/inherits-2.0.3.tgz#633c2c83e3da42a502f52466022480f4208261de"

invariant@^2.0.0:
  version "2.2.3"
  resolved "https://registry.yarnpkg.com/invariant/-/invariant-2.2.3.tgz#1a827dfde7dcbd7c323f0ca826be8fa7c5e9d688"
  dependencies:
    loose-envify "^1.0.0"

invariant@^2.2.2:
  version "2.2.4"
  resolved "https://registry.yarnpkg.com/invariant/-/invariant-2.2.4.tgz#610f3c92c9359ce1db616e538008d23ff35158e6"
  dependencies:
    loose-envify "^1.0.0"

is-function@^1.0.1:
  version "1.0.1"
  resolved "https://registry.yarnpkg.com/is-function/-/is-function-1.0.1.tgz#12cfb98b65b57dd3d193a3121f5f6e2f437602b5"

is-plain-object@^2.0.1:
  version "2.0.4"
  resolved "https://registry.yarnpkg.com/is-plain-object/-/is-plain-object-2.0.4.tgz#2c163b3fafb1b606d9d17928f05c2a1c38e07677"
  dependencies:
    isobject "^3.0.1"

is-stream@^1.0.1:
  version "1.1.0"
  resolved "https://registry.yarnpkg.com/is-stream/-/is-stream-1.1.0.tgz#12d4a3dd4e68e0b79ceb8dbc84173ae80d91ca44"

isobject@^3.0.1:
  version "3.0.1"
  resolved "https://registry.yarnpkg.com/isobject/-/isobject-3.0.1.tgz#4e431e92b11a9731636aa1f9c8d1ccbcfdab78df"

isomorphic-fetch@^2.1.1:
  version "2.2.1"
  resolved "https://registry.yarnpkg.com/isomorphic-fetch/-/isomorphic-fetch-2.2.1.tgz#611ae1acf14f5e81f729507472819fe9733558a9"
  dependencies:
    node-fetch "^1.0.1"
    whatwg-fetch ">=0.10.0"

js-tokens@^3.0.0:
  version "3.0.2"
  resolved "https://registry.yarnpkg.com/js-tokens/-/js-tokens-3.0.2.tgz#9866df395102130e38f7f996bceb65443209c25b"

lodash-es@^4.17.5, lodash-es@^4.2.1:
  version "4.17.5"
  resolved "https://registry.yarnpkg.com/lodash-es/-/lodash-es-4.17.5.tgz#9fc6e737b1c4d151d8f9cae2247305d552ce748f"

lodash@^4.17.5, lodash@^4.2.1:
  version "4.17.21"
  resolved "https://registry.yarnpkg.com/lodash/-/lodash-4.17.21.tgz#679591c564c3bffaae8454cf0b3df370c3d6911c"

loose-envify@^1.0.0, loose-envify@^1.1.0, loose-envify@^1.3.1:
  version "1.3.1"
  resolved "https://registry.yarnpkg.com/loose-envify/-/loose-envify-1.3.1.tgz#d1a8ad33fa9ce0e713d65fdd0ac8b748d478c848"
  dependencies:
    js-tokens "^3.0.0"

minimatch@^3.0.4:
  version "3.0.4"
  resolved "https://registry.yarnpkg.com/minimatch/-/minimatch-3.0.4.tgz#5166e286457f03306064be5497e8dbb0c3d32083"
  dependencies:
    brace-expansion "^1.1.7"

minimist@~0.0.1:
  version "0.0.10"
  resolved "https://registry.yarnpkg.com/minimist/-/minimist-0.0.10.tgz#de3f98543dbf96082be48ad1a0c7cda836301dcf"

node-fetch@^1.0.1:
  version "1.7.3"
  resolved "https://registry.yarnpkg.com/node-fetch/-/node-fetch-1.7.3.tgz#980f6f72d85211a5347c6b2bc18c5b84c3eb47ef"
  dependencies:
    encoding "^0.1.11"
    is-stream "^1.0.1"

object-assign@^4.1.0, object-assign@^4.1.1:
  version "4.1.1"
  resolved "https://registry.yarnpkg.com/object-assign/-/object-assign-4.1.1.tgz#2109adc7965887cfc05cbbd442cac8bfbb360863"

once@^1.3.0:
  version "1.4.0"
  resolved "https://registry.yarnpkg.com/once/-/once-1.4.0.tgz#583b1aa775961d4b113ac17d9c50baef9dd76bd1"
  dependencies:
    wrappy "1"

optimist@^0.6.1:
  version "0.6.1"
  resolved "https://registry.yarnpkg.com/optimist/-/optimist-0.6.1.tgz#da3ea74686fa21a19a111c326e90eb15a0196686"
  dependencies:
    minimist "~0.0.1"
    wordwrap "~0.0.2"

path-is-absolute@^1.0.0:
  version "1.0.1"
  resolved "https://registry.yarnpkg.com/path-is-absolute/-/path-is-absolute-1.0.1.tgz#174b9268735534ffbc7ace6bf53a5a9e1b5c5f5f"

postcss-value-parser@^3.3.0:
  version "3.3.0"
  resolved "https://registry.yarnpkg.com/postcss-value-parser/-/postcss-value-parser-3.3.0.tgz#87f38f9f18f774a4ab4c8a232f5c5ce8872a9d15"

promise@^7.1.1:
  version "7.3.1"
  resolved "https://registry.yarnpkg.com/promise/-/promise-7.3.1.tgz#064b72602b18f90f29192b8b1bc418ffd1ebd3bf"
  dependencies:
    asap "~2.0.3"

prop-types@15.5.10:
  version "15.5.10"
  resolved "https://registry.yarnpkg.com/prop-types/-/prop-types-15.5.10.tgz#2797dfc3126182e3a95e3dfbb2e893ddd7456154"
  dependencies:
    fbjs "^0.8.9"
    loose-envify "^1.3.1"

prop-types@^15.5.4, prop-types@^15.5.8:
  version "15.6.1"
  resolved "https://registry.yarnpkg.com/prop-types/-/prop-types-15.6.1.tgz#36644453564255ddda391191fb3a125cbdf654ca"
  dependencies:
    fbjs "^0.8.16"
    loose-envify "^1.3.1"
    object-assign "^4.1.1"

prop-types@^15.6.0:
  version "15.6.0"
  resolved "https://registry.yarnpkg.com/prop-types/-/prop-types-15.6.0.tgz#ceaf083022fc46b4a35f69e13ef75aed0d639856"
  dependencies:
    fbjs "^0.8.16"
    loose-envify "^1.3.1"
    object-assign "^4.1.1"

react-deep-force-update@^2.0.1:
  version "2.1.1"
  resolved "https://registry.yarnpkg.com/react-deep-force-update/-/react-deep-force-update-2.1.1.tgz#8ea4263cd6455a050b37445b3f08fd839d86e909"

react-dom@15.4.2:
  version "15.4.2"
  resolved "https://registry.yarnpkg.com/react-dom/-/react-dom-15.4.2.tgz#015363f05b0a1fd52ae9efdd3a0060d90695208f"
  dependencies:
    fbjs "^0.8.1"
    loose-envify "^1.1.0"
    object-assign "^4.1.0"

react-ionicons@^2.1.6:
  version "2.1.6"
  resolved "https://registry.yarnpkg.com/react-ionicons/-/react-ionicons-2.1.6.tgz#c9c472c242f41f228a6261fd6ce156d54e0e7677"
  dependencies:
    prop-types "15.5.10"
    react "15.4.2"
    react-dom "15.4.2"
    styled-components "2.2.3"

react-redux@^5.0.7:
  version "5.0.7"
  resolved "https://registry.yarnpkg.com/react-redux/-/react-redux-5.0.7.tgz#0dc1076d9afb4670f993ffaef44b8f8c1155a4c8"
  dependencies:
    hoist-non-react-statics "^2.5.0"
    invariant "^2.0.0"
    lodash "^4.17.5"
    lodash-es "^4.17.5"
    loose-envify "^1.1.0"
    prop-types "^15.6.0"

react@15.4.2:
  version "15.4.2"
  resolved "https://registry.yarnpkg.com/react/-/react-15.4.2.tgz#41f7991b26185392ba9bae96c8889e7e018397ef"
  dependencies:
    fbjs "^0.8.4"
    loose-envify "^1.1.0"
    object-assign "^4.1.0"

redux-i18n@^1.5.12:
  version "1.5.12"
  resolved "https://registry.yarnpkg.com/redux-i18n/-/redux-i18n-1.5.12.tgz#d5c023023e58f58a2ee78dfe3098572c1a5ca6fd"
  dependencies:
    colors "^1.1.2"
    escape-quotes "^1.0.2"
    gettext-parser "^1.1.2"
    glob "^7.0.5"
    hoist-non-react-statics "^2.2.0"
    invariant "^2.2.2"
    optimist "^0.6.1"
    prop-types "^15.5.8"
    react-deep-force-update "^2.0.1"

redux@^3.7.2:
  version "3.7.2"
  resolved "https://registry.yarnpkg.com/redux/-/redux-3.7.2.tgz#06b73123215901d25d065be342eb026bc1c8537b"
  dependencies:
    lodash "^4.2.1"
    lodash-es "^4.2.1"
    loose-envify "^1.1.0"
    symbol-observable "^1.0.3"

safe-buffer@^5.1.1:
  version "5.1.1"
  resolved "https://registry.yarnpkg.com/safe-buffer/-/safe-buffer-5.1.1.tgz#893312af69b2123def71f57889001671eeb2c853"

setimmediate@^1.0.5:
  version "1.0.5"
  resolved "https://registry.yarnpkg.com/setimmediate/-/setimmediate-1.0.5.tgz#290cbb232e306942d7d7ea9b83732ab7856f8285"

styled-components@2.2.3:
  version "2.2.3"
  resolved "https://registry.yarnpkg.com/styled-components/-/styled-components-2.2.3.tgz#154575c269880c840f903f580287dab155cf684c"
  dependencies:
    buffer "^5.0.3"
    css-to-react-native "^2.0.3"
    fbjs "^0.8.9"
    hoist-non-react-statics "^1.2.0"
    is-function "^1.0.1"
    is-plain-object "^2.0.1"
    prop-types "^15.5.4"
    stylis "3.x"
    supports-color "^3.2.3"

stylis@3.x:
  version "3.5.0"
  resolved "https://registry.yarnpkg.com/stylis/-/stylis-3.5.0.tgz#016fa239663d77f868fef5b67cf201c4b7c701e1"

supports-color@^3.2.3:
  version "3.2.3"
  resolved "https://registry.yarnpkg.com/supports-color/-/supports-color-3.2.3.tgz#65ac0504b3954171d8a64946b2ae3cbb8a5f54f6"
  dependencies:
    has-flag "^1.0.0"

symbol-observable@^1.0.3:
  version "1.2.0"
  resolved "https://registry.yarnpkg.com/symbol-observable/-/symbol-observable-1.2.0.tgz#c22688aed4eab3cdc2dfeacbb561660560a00804"

ua-parser-js@^0.7.9:
  version "0.7.17"
  resolved "https://registry.yarnpkg.com/ua-parser-js/-/ua-parser-js-0.7.17.tgz#e9ec5f9498b9ec910e7ae3ac626a805c4d09ecac"

whatwg-fetch@>=0.10.0:
  version "2.0.3"
  resolved "https://registry.yarnpkg.com/whatwg-fetch/-/whatwg-fetch-2.0.3.tgz#9c84ec2dcf68187ff00bc64e1274b442176e1c84"

wordwrap@~0.0.2:
  version "0.0.3"
  resolved "https://registry.yarnpkg.com/wordwrap/-/wordwrap-0.0.3.tgz#a3d5da6cd5c0bc0008d37234bbaf1bed63059107"

wrappy@1:
  version "1.0.2"
  resolved "https://registry.yarnpkg.com/wrappy/-/wrappy-1.0.2.tgz#b5243d8f3ec1aa35f1364605bc0d1036e30ab69f"
